
Microsoft Visual Studio Solution File, Format Version 12.00
# Visual Studio Version 17
VisualStudioVersion = 17.6.33723.286
MinimumVisualStudioVersion = 10.0.40219.1
Project("{9A19103F-16F7-4668-BE54-9A1E7A4F7556}") = "Test.cs", "Test.cs\Test.cs.csproj", "{AE883B84-5B3D-44FC-B143-651574E26323}"
EndProject
Project("{2150E333-8FDC-42A3-9474-1A3956D46DE8}") = "Shared", "Shared", "{5CB76936-699F-4155-AF07-22293AFFE687}"
EndProject
Project("{9A19103F-16F7-4668-BE54-9A1E7A4F7556}") = "SharedLibrary", "SharedLibrary\SharedLibrary\SharedLibrary.csproj", "{A1B54A6E-1668-44A4-B80A-586C114EAC04}"
EndProject
Project("{2150E333-8FDC-42A3-9474-1A3956D46DE8}") = "NotificationMicroservice", "NotificationMicroservice", "{5F61893B-2AAE-4966-9ED0-D5EB2887E1FA}"
EndProject
Project("{9A19103F-16F7-4668-BE54-9A1E7A4F7556}") = "NotificationMicroservice.Api", "NotificationMicroservice\NotificationMicroservice.Api\NotificationMicroservice.Api.csproj", "{DB51C71A-F682-4E28-8973-192BFD6D14E1}"
EndProject
Project("{9A19103F-16F7-4668-BE54-9A1E7A4F7556}") = "NotificationMicroservice.SharedLibrary", "NotificationMicroservice\NotificationMicroservice.SharedLibrary\NotificationMicroservice.SharedLibrary.csproj", "{C9C41C18-8805-4059-B079-01B4D6922692}"
EndProject
Project("{2150E333-8FDC-42A3-9474-1A3956D46DE8}") = "PhotoStockMicroservice", "PhotoStockMicroservice", "{A7F93942-58F7-4D16-B2B0-B10920D6AC62}"
EndProject
Project("{9A19103F-16F7-4668-BE54-9A1E7A4F7556}") = "PhotoStockMicroservice.Api", "PhotoStockMicroservice\PhotoStockMicroservice.Api\PhotoStockMicroservice.Api.csproj", "{EE583458-C7CB-494E-A0F8-0D0900075F8D}"
EndProject
Project("{2150E333-8FDC-42A3-9474-1A3956D46DE8}") = "AuthService", "AuthService", "{0E830FD2-DC0C-4C95-8F70-8B28545B3B78}"
EndProject
Project("{2150E333-8FDC-42A3-9474-1A3956D46DE8}") = "UserService", "UserService", "{B7A3A983-17C8-4EC9-AE81-43D1827A8F00}"
EndProject
Project("{9A19103F-16F7-4668-BE54-9A1E7A4F7556}") = "AuthService.Web", "AuthService\AuthService.Web\AuthService.Web.csproj", "{AE820DB5-A628-40D2-AF07-7B0F91939422}"
EndProject
Project("{9A19103F-16F7-4668-BE54-9A1E7A4F7556}") = "UserService.Infrastructure", "UserService\UserService.Infrastructure\UserService.Infrastructure.csproj", "{8F82FEDB-A921-472F-BA29-6CD60D3459C9}"
EndProject
Project("{9A19103F-16F7-4668-BE54-9A1E7A4F7556}") = "UserService.Application", "UserService\UserService.Application\UserService.Application.csproj", "{244F051C-3CAD-4777-A018-BF3E110DA764}"
EndProject
Project("{9A19103F-16F7-4668-BE54-9A1E7A4F7556}") = "UserService.Api", "UserService\UserService.Api\UserService.Api.csproj", "{A99E7E95-6482-4AD0-93F8-7F9767BC24B5}"
EndProject
Project("{9A19103F-16F7-4668-BE54-9A1E7A4F7556}") = "AuthService.Infrastructure", "AuthService\AuthService.Infrastructure\AuthService.Infrastructure.csproj", "{CC6CF519-12EB-4C93-875E-218407008104}"
EndProject
Project("{9A19103F-16F7-4668-BE54-9A1E7A4F7556}") = "AuthService.Application", "AuthService\AuthService.Application\AuthService.Application.csproj", "{BF806D48-0AC3-428F-B52F-34A9589BEC7E}"
EndProject
Project("{9A19103F-16F7-4668-BE54-9A1E7A4F7556}") = "AuthService.Core", "AuthService\AuthService.Core\AuthService.Core.csproj", "{6C6E43B7-DED1-46B6-9C86-FED27E16C838}"
EndProject
Project("{2150E333-8FDC-42A3-9474-1A3956D46DE8}") = "ConversationService", "ConversationService", "{C070F74B-61D2-4482-A550-4746200AA536}"
EndProject
Project("{9A19103F-16F7-4668-BE54-9A1E7A4F7556}") = "ConversationService.Domain", "ConversationService\ConversationService.Domain\ConversationService.Domain.csproj", "{E214951D-7F50-466C-A3D5-104EF4A2B306}"
EndProject
Project("{9A19103F-16F7-4668-BE54-9A1E7A4F7556}") = "ConversationService.Infrastructure", "ConversationService\ConversationService.Infrastructure\ConversationService.Infrastructure.csproj", "{D00A948D-45A0-4A95-AC9B-11D4E7D53913}"
EndProject
Project("{9A19103F-16F7-4668-BE54-9A1E7A4F7556}") = "ConversationService.Application", "ConversationService\ConversationService.Application\ConversationService.Application.csproj", "{1D6E2322-F832-4878-B67C-9D18F041914C}"
EndProject
Project("{9A19103F-16F7-4668-BE54-9A1E7A4F7556}") = "OnUserAccountCreated_CreateUser.WorkerService", "UserService\OnUserAccountCreated_CreateUser.WorkerService\OnUserAccountCreated_CreateUser.WorkerService.csproj", "{3912A721-C6F1-4EEC-AFD5-D93B12F8AC48}"
EndProject
Project("{9A19103F-16F7-4668-BE54-9A1E7A4F7556}") = "ConversationService.Api", "ConversationService\ConversationService.Api\ConversationService.Api.csproj", "{D7F409FD-7D0B-4FEE-A9CE-3538E68BAD9D}"
EndProject
Project("{9A19103F-16F7-4668-BE54-9A1E7A4F7556}") = "UserService.Domain", "UserService\UserService.Domain\UserService.Domain.csproj", "{A898E4BC-9CF6-44D0-84D8-5D9D47A8F7B0}"
EndProject
Global
	GlobalSection(SolutionConfigurationPlatforms) = preSolution
		Debug|Any CPU = Debug|Any CPU
		Release|Any CPU = Release|Any CPU
	EndGlobalSection
	GlobalSection(ProjectConfigurationPlatforms) = postSolution
		{AE883B84-5B3D-44FC-B143-651574E26323}.Debug|Any CPU.ActiveCfg = Debug|Any CPU
		{AE883B84-5B3D-44FC-B143-651574E26323}.Debug|Any CPU.Build.0 = Debug|Any CPU
		{AE883B84-5B3D-44FC-B143-651574E26323}.Release|Any CPU.ActiveCfg = Release|Any CPU
		{AE883B84-5B3D-44FC-B143-651574E26323}.Release|Any CPU.Build.0 = Release|Any CPU
		{A1B54A6E-1668-44A4-B80A-586C114EAC04}.Debug|Any CPU.ActiveCfg = Debug|Any CPU
		{A1B54A6E-1668-44A4-B80A-586C114EAC04}.Debug|Any CPU.Build.0 = Debug|Any CPU
		{A1B54A6E-1668-44A4-B80A-586C114EAC04}.Release|Any CPU.ActiveCfg = Release|Any CPU
		{A1B54A6E-1668-44A4-B80A-586C114EAC04}.Release|Any CPU.Build.0 = Release|Any CPU
		{DB51C71A-F682-4E28-8973-192BFD6D14E1}.Debug|Any CPU.ActiveCfg = Debug|Any CPU
		{DB51C71A-F682-4E28-8973-192BFD6D14E1}.Debug|Any CPU.Build.0 = Debug|Any CPU
		{DB51C71A-F682-4E28-8973-192BFD6D14E1}.Release|Any CPU.ActiveCfg = Release|Any CPU
		{DB51C71A-F682-4E28-8973-192BFD6D14E1}.Release|Any CPU.Build.0 = Release|Any CPU
		{C9C41C18-8805-4059-B079-01B4D6922692}.Debug|Any CPU.ActiveCfg = Debug|Any CPU
		{C9C41C18-8805-4059-B079-01B4D6922692}.Debug|Any CPU.Build.0 = Debug|Any CPU
		{C9C41C18-8805-4059-B079-01B4D6922692}.Release|Any CPU.ActiveCfg = Release|Any CPU
		{C9C41C18-8805-4059-B079-01B4D6922692}.Release|Any CPU.Build.0 = Release|Any CPU
		{EE583458-C7CB-494E-A0F8-0D0900075F8D}.Debug|Any CPU.ActiveCfg = Debug|Any CPU
		{EE583458-C7CB-494E-A0F8-0D0900075F8D}.Debug|Any CPU.Build.0 = Debug|Any CPU
		{EE583458-C7CB-494E-A0F8-0D0900075F8D}.Release|Any CPU.ActiveCfg = Release|Any CPU
		{EE583458-C7CB-494E-A0F8-0D0900075F8D}.Release|Any CPU.Build.0 = Release|Any CPU
		{AE820DB5-A628-40D2-AF07-7B0F91939422}.Debug|Any CPU.ActiveCfg = Debug|Any CPU
		{AE820DB5-A628-40D2-AF07-7B0F91939422}.Debug|Any CPU.Build.0 = Debug|Any CPU
		{AE820DB5-A628-40D2-AF07-7B0F91939422}.Release|Any CPU.ActiveCfg = Release|Any CPU
		{AE820DB5-A628-40D2-AF07-7B0F91939422}.Release|Any CPU.Build.0 = Release|Any CPU
		{8F82FEDB-A921-472F-BA29-6CD60D3459C9}.Debug|Any CPU.ActiveCfg = Debug|Any CPU
		{8F82FEDB-A921-472F-BA29-6CD60D3459C9}.Debug|Any CPU.Build.0 = Debug|Any CPU
		{8F82FEDB-A921-472F-BA29-6CD60D3459C9}.Release|Any CPU.ActiveCfg = Release|Any CPU
		{8F82FEDB-A921-472F-BA29-6CD60D3459C9}.Release|Any CPU.Build.0 = Release|Any CPU
		{244F051C-3CAD-4777-A018-BF3E110DA764}.Debug|Any CPU.ActiveCfg = Debug|Any CPU
		{244F051C-3CAD-4777-A018-BF3E110DA764}.Debug|Any CPU.Build.0 = Debug|Any CPU
		{244F051C-3CAD-4777-A018-BF3E110DA764}.Release|Any CPU.ActiveCfg = Release|Any CPU
		{244F051C-3CAD-4777-A018-BF3E110DA764}.Release|Any CPU.Build.0 = Release|Any CPU
		{A99E7E95-6482-4AD0-93F8-7F9767BC24B5}.Debug|Any CPU.ActiveCfg = Debug|Any CPU
		{A99E7E95-6482-4AD0-93F8-7F9767BC24B5}.Debug|Any CPU.Build.0 = Debug|Any CPU
		{A99E7E95-6482-4AD0-93F8-7F9767BC24B5}.Release|Any CPU.ActiveCfg = Release|Any CPU
		{A99E7E95-6482-4AD0-93F8-7F9767BC24B5}.Release|Any CPU.Build.0 = Release|Any CPU
		{CC6CF519-12EB-4C93-875E-218407008104}.Debug|Any CPU.ActiveCfg = Debug|Any CPU
		{CC6CF519-12EB-4C93-875E-218407008104}.Debug|Any CPU.Build.0 = Debug|Any CPU
		{CC6CF519-12EB-4C93-875E-218407008104}.Release|Any CPU.ActiveCfg = Release|Any CPU
		{CC6CF519-12EB-4C93-875E-218407008104}.Release|Any CPU.Build.0 = Release|Any CPU
		{BF806D48-0AC3-428F-B52F-34A9589BEC7E}.Debug|Any CPU.ActiveCfg = Debug|Any CPU
		{BF806D48-0AC3-428F-B52F-34A9589BEC7E}.Debug|Any CPU.Build.0 = Debug|Any CPU
		{BF806D48-0AC3-428F-B52F-34A9589BEC7E}.Release|Any CPU.ActiveCfg = Release|Any CPU
		{BF806D48-0AC3-428F-B52F-34A9589BEC7E}.Release|Any CPU.Build.0 = Release|Any CPU
		{6C6E43B7-DED1-46B6-9C86-FED27E16C838}.Debug|Any CPU.ActiveCfg = Debug|Any CPU
		{6C6E43B7-DED1-46B6-9C86-FED27E16C838}.Debug|Any CPU.Build.0 = Debug|Any CPU
		{6C6E43B7-DED1-46B6-9C86-FED27E16C838}.Release|Any CPU.ActiveCfg = Release|Any CPU
		{6C6E43B7-DED1-46B6-9C86-FED27E16C838}.Release|Any CPU.Build.0 = Release|Any CPU
		{E214951D-7F50-466C-A3D5-104EF4A2B306}.Debug|Any CPU.ActiveCfg = Debug|Any CPU
		{E214951D-7F50-466C-A3D5-104EF4A2B306}.Debug|Any CPU.Build.0 = Debug|Any CPU
		{E214951D-7F50-466C-A3D5-104EF4A2B306}.Release|Any CPU.ActiveCfg = Release|Any CPU
		{E214951D-7F50-466C-A3D5-104EF4A2B306}.Release|Any CPU.Build.0 = Release|Any CPU
		{D00A948D-45A0-4A95-AC9B-11D4E7D53913}.Debug|Any CPU.ActiveCfg = Debug|Any CPU
		{D00A948D-45A0-4A95-AC9B-11D4E7D53913}.Debug|Any CPU.Build.0 = Debug|Any CPU
		{D00A948D-45A0-4A95-AC9B-11D4E7D53913}.Release|Any CPU.ActiveCfg = Release|Any CPU
		{D00A948D-45A0-4A95-AC9B-11D4E7D53913}.Release|Any CPU.Build.0 = Release|Any CPU
		{1D6E2322-F832-4878-B67C-9D18F041914C}.Debug|Any CPU.ActiveCfg = Debug|Any CPU
		{1D6E2322-F832-4878-B67C-9D18F041914C}.Debug|Any CPU.Build.0 = Debug|Any CPU
		{1D6E2322-F832-4878-B67C-9D18F041914C}.Release|Any CPU.ActiveCfg = Release|Any CPU
		{1D6E2322-F832-4878-B67C-9D18F041914C}.Release|Any CPU.Build.0 = Release|Any CPU
		{3912A721-C6F1-4EEC-AFD5-D93B12F8AC48}.Debug|Any CPU.ActiveCfg = Debug|Any CPU
		{3912A721-C6F1-4EEC-AFD5-D93B12F8AC48}.Debug|Any CPU.Build.0 = Debug|Any CPU
		{3912A721-C6F1-4EEC-AFD5-D93B12F8AC48}.Release|Any CPU.ActiveCfg = Release|Any CPU
		{3912A721-C6F1-4EEC-AFD5-D93B12F8AC48}.Release|Any CPU.Build.0 = Release|Any CPU
		{D7F409FD-7D0B-4FEE-A9CE-3538E68BAD9D}.Debug|Any CPU.ActiveCfg = Debug|Any CPU
		{D7F409FD-7D0B-4FEE-A9CE-3538E68BAD9D}.Debug|Any CPU.Build.0 = Debug|Any CPU
		{D7F409FD-7D0B-4FEE-A9CE-3538E68BAD9D}.Release|Any CPU.ActiveCfg = Release|Any CPU
		{D7F409FD-7D0B-4FEE-A9CE-3538E68BAD9D}.Release|Any CPU.Build.0 = Release|Any CPU
		{A898E4BC-9CF6-44D0-84D8-5D9D47A8F7B0}.Debug|Any CPU.ActiveCfg = Debug|Any CPU
		{A898E4BC-9CF6-44D0-84D8-5D9D47A8F7B0}.Debug|Any CPU.Build.0 = Debug|Any CPU
		{A898E4BC-9CF6-44D0-84D8-5D9D47A8F7B0}.Release|Any CPU.ActiveCfg = Release|Any CPU
		{A898E4BC-9CF6-44D0-84D8-5D9D47A8F7B0}.Release|Any CPU.Build.0 = Release|Any CPU
	EndGlobalSection
	GlobalSection(SolutionProperties) = preSolution
		HideSolutionNode = FALSE
	EndGlobalSection
	GlobalSection(NestedProjects) = preSolution
		{A1B54A6E-1668-44A4-B80A-586C114EAC04} = {5CB76936-699F-4155-AF07-22293AFFE687}
		{DB51C71A-F682-4E28-8973-192BFD6D14E1} = {5F61893B-2AAE-4966-9ED0-D5EB2887E1FA}
		{C9C41C18-8805-4059-B079-01B4D6922692} = {5F61893B-2AAE-4966-9ED0-D5EB2887E1FA}
		{EE583458-C7CB-494E-A0F8-0D0900075F8D} = {A7F93942-58F7-4D16-B2B0-B10920D6AC62}
		{AE820DB5-A628-40D2-AF07-7B0F91939422} = {0E830FD2-DC0C-4C95-8F70-8B28545B3B78}
		{8F82FEDB-A921-472F-BA29-6CD60D3459C9} = {B7A3A983-17C8-4EC9-AE81-43D1827A8F00}
		{244F051C-3CAD-4777-A018-BF3E110DA764} = {B7A3A983-17C8-4EC9-AE81-43D1827A8F00}
		{A99E7E95-6482-4AD0-93F8-7F9767BC24B5} = {B7A3A983-17C8-4EC9-AE81-43D1827A8F00}
		{CC6CF519-12EB-4C93-875E-218407008104} = {0E830FD2-DC0C-4C95-8F70-8B28545B3B78}
		{BF806D48-0AC3-428F-B52F-34A9589BEC7E} = {0E830FD2-DC0C-4C95-8F70-8B28545B3B78}
		{6C6E43B7-DED1-46B6-9C86-FED27E16C838} = {0E830FD2-DC0C-4C95-8F70-8B28545B3B78}
		{E214951D-7F50-466C-A3D5-104EF4A2B306} = {C070F74B-61D2-4482-A550-4746200AA536}
		{D00A948D-45A0-4A95-AC9B-11D4E7D53913} = {C070F74B-61D2-4482-A550-4746200AA536}
		{1D6E2322-F832-4878-B67C-9D18F041914C} = {C070F74B-61D2-4482-A550-4746200AA536}
		{3912A721-C6F1-4EEC-AFD5-D93B12F8AC48} = {B7A3A983-17C8-4EC9-AE81-43D1827A8F00}
		{D7F409FD-7D0B-4FEE-A9CE-3538E68BAD9D} = {C070F74B-61D2-4482-A550-4746200AA536}
		{A898E4BC-9CF6-44D0-84D8-5D9D47A8F7B0} = {B7A3A983-17C8-4EC9-AE81-43D1827A8F00}
	EndGlobalSection
	GlobalSection(ExtensibilityGlobals) = postSolution
		SolutionGuid = {04D8AFC5-FAC9-46B2-B99F-889B617C6D9E}
	EndGlobalSection
EndGlobal
