
Microsoft Visual Studio Solution File, Format Version 12.00
# Visual Studio Version 17
VisualStudioVersion = 17.6.33723.286
MinimumVisualStudioVersion = 10.0.40219.1
Project("{9A19103F-16F7-4668-BE54-9A1E7A4F7556}") = "Test.cs", "Test.cs\Test.cs.csproj", "{AE883B84-5B3D-44FC-B143-651574E26323}"
EndProject
Project("{9A19103F-16F7-4668-BE54-9A1E7A4F7556}") = "Repository", "Repository\Repository.csproj", "{8EC515B4-7E80-4194-A86F-CEB65317790B}"
EndProject
Project("{9A19103F-16F7-4668-BE54-9A1E7A4F7556}") = "Function", "Function\Function.csproj", "{E5D43641-7570-4EFC-A112-B834A472280D}"
EndProject
Project("{9A19103F-16F7-4668-BE54-9A1E7A4F7556}") = "Application", "Application\Application.csproj", "{D04D3E7D-199C-45D8-BAF5-A355ED86A6D1}"
EndProject
Project("{9A19103F-16F7-4668-BE54-9A1E7A4F7556}") = "Command", "Command\Command.csproj", "{10EB0110-19CF-46DD-84F2-2E98AEDBB482}"
EndProject
Global
	GlobalSection(SolutionConfigurationPlatforms) = preSolution
		Debug|Any CPU = Debug|Any CPU
		Release|Any CPU = Release|Any CPU
	EndGlobalSection
	GlobalSection(ProjectConfigurationPlatforms) = postSolution
		{AE883B84-5B3D-44FC-B143-651574E26323}.Debug|Any CPU.ActiveCfg = Debug|Any CPU
		{AE883B84-5B3D-44FC-B143-651574E26323}.Debug|Any CPU.Build.0 = Debug|Any CPU
		{AE883B84-5B3D-44FC-B143-651574E26323}.Release|Any CPU.ActiveCfg = Release|Any CPU
		{AE883B84-5B3D-44FC-B143-651574E26323}.Release|Any CPU.Build.0 = Release|Any CPU
		{8EC515B4-7E80-4194-A86F-CEB65317790B}.Debug|Any CPU.ActiveCfg = Debug|Any CPU
		{8EC515B4-7E80-4194-A86F-CEB65317790B}.Debug|Any CPU.Build.0 = Debug|Any CPU
		{8EC515B4-7E80-4194-A86F-CEB65317790B}.Release|Any CPU.ActiveCfg = Release|Any CPU
		{8EC515B4-7E80-4194-A86F-CEB65317790B}.Release|Any CPU.Build.0 = Release|Any CPU
		{E5D43641-7570-4EFC-A112-B834A472280D}.Debug|Any CPU.ActiveCfg = Debug|Any CPU
		{E5D43641-7570-4EFC-A112-B834A472280D}.Debug|Any CPU.Build.0 = Debug|Any CPU
		{E5D43641-7570-4EFC-A112-B834A472280D}.Release|Any CPU.ActiveCfg = Release|Any CPU
		{E5D43641-7570-4EFC-A112-B834A472280D}.Release|Any CPU.Build.0 = Release|Any CPU
		{D04D3E7D-199C-45D8-BAF5-A355ED86A6D1}.Debug|Any CPU.ActiveCfg = Debug|Any CPU
		{D04D3E7D-199C-45D8-BAF5-A355ED86A6D1}.Debug|Any CPU.Build.0 = Debug|Any CPU
		{D04D3E7D-199C-45D8-BAF5-A355ED86A6D1}.Release|Any CPU.ActiveCfg = Release|Any CPU
		{D04D3E7D-199C-45D8-BAF5-A355ED86A6D1}.Release|Any CPU.Build.0 = Release|Any CPU
		{10EB0110-19CF-46DD-84F2-2E98AEDBB482}.Debug|Any CPU.ActiveCfg = Debug|Any CPU
		{10EB0110-19CF-46DD-84F2-2E98AEDBB482}.Debug|Any CPU.Build.0 = Debug|Any CPU
		{10EB0110-19CF-46DD-84F2-2E98AEDBB482}.Release|Any CPU.ActiveCfg = Release|Any CPU
		{10EB0110-19CF-46DD-84F2-2E98AEDBB482}.Release|Any CPU.Build.0 = Release|Any CPU
	EndGlobalSection
	GlobalSection(SolutionProperties) = preSolution
		HideSolutionNode = FALSE
	EndGlobalSection
	GlobalSection(ExtensibilityGlobals) = postSolution
		SolutionGuid = {04D8AFC5-FAC9-46B2-B99F-889B617C6D9E}
	EndGlobalSection
EndGlobal
